
Microsoft Visual Studio Solution File, Format Version 12.00
# Visual Studio 15
VisualStudioVersion = 15.0.28307.421
MinimumVisualStudioVersion = 10.0.40219.1
Project("{FAE04EC0-301F-11D3-BF4B-00C04F79EFBC}") = "CreditCardApplications", "CreditCardApplications\CreditCardApplications.csproj", "{012EEB89-8B97-4922-AFEF-1414818F1170}"
EndProject
Project("{FAE04EC0-301F-11D3-BF4B-00C04F79EFBC}") = "CreditCardApplications.Tests", "CreditCardApplications.Tests\CreditCardApplications.Tests.csproj", "{5163D0E6-3A83-4917-B540-E6FBA55D9C99}"
EndProject
Global
	GlobalSection(SolutionConfigurationPlatforms) = preSolution
		Debug|Any CPU = Debug|Any CPU
		Release|Any CPU = Release|Any CPU
	EndGlobalSection
	GlobalSection(ProjectConfigurationPlatforms) = postSolution
		{012EEB89-8B97-4922-AFEF-1414818F1170}.Debug|Any CPU.ActiveCfg = Debug|Any CPU
		{012EEB89-8B97-4922-AFEF-1414818F1170}.Debug|Any CPU.Build.0 = Debug|Any CPU
		{012EEB89-8B97-4922-AFEF-1414818F1170}.Release|Any CPU.ActiveCfg = Release|Any CPU
		{012EEB89-8B97-4922-AFEF-1414818F1170}.Release|Any CPU.Build.0 = Release|Any CPU
		{5163D0E6-3A83-4917-B540-E6FBA55D9C99}.Debug|Any CPU.ActiveCfg = Debug|Any CPU
		{5163D0E6-3A83-4917-B540-E6FBA55D9C99}.Debug|Any CPU.Build.0 = Debug|Any CPU
		{5163D0E6-3A83-4917-B540-E6FBA55D9C99}.Release|Any CPU.ActiveCfg = Release|Any CPU
		{5163D0E6-3A83-4917-B540-E6FBA55D9C99}.Release|Any CPU.Build.0 = Release|Any CPU
	EndGlobalSection
	GlobalSection(SolutionProperties) = preSolution
		HideSolutionNode = FALSE
	EndGlobalSection
	GlobalSection(ExtensibilityGlobals) = postSolution
		SolutionGuid = {9C47C63D-A80D-40A6-AAE2-D1E7CBF862ED}
	EndGlobalSection
EndGlobal
